
Microsoft Visual Studio Solution File, Format Version 12.00
# Visual Studio Version 17
VisualStudioVersion = 17.2.32602.215
MinimumVisualStudioVersion = 10.0.40219.1
Project("{FAE04EC0-301F-11D3-BF4B-00C04F79EFBC}") = "Not_Kayit_Sistemi", "Not_Kayit_Sistemi\Not_Kayit_Sistemi.csproj", "{F838EB66-43C2-4F4B-9860-C4CB60F2E76B}"
EndProject
Global
	GlobalSection(SolutionConfigurationPlatforms) = preSolution
		Debug|Any CPU = Debug|Any CPU
		Release|Any CPU = Release|Any CPU
	EndGlobalSection
	GlobalSection(ProjectConfigurationPlatforms) = postSolution
		{F838EB66-43C2-4F4B-9860-C4CB60F2E76B}.Debug|Any CPU.ActiveCfg = Debug|Any CPU
		{F838EB66-43C2-4F4B-9860-C4CB60F2E76B}.Debug|Any CPU.Build.0 = Debug|Any CPU
		{F838EB66-43C2-4F4B-9860-C4CB60F2E76B}.Release|Any CPU.ActiveCfg = Release|Any CPU
		{F838EB66-43C2-4F4B-9860-C4CB60F2E76B}.Release|Any CPU.Build.0 = Release|Any CPU
	EndGlobalSection
	GlobalSection(SolutionProperties) = preSolution
		HideSolutionNode = FALSE
	EndGlobalSection
	GlobalSection(ExtensibilityGlobals) = postSolution
		SolutionGuid = {1ED63606-10C1-4254-ADEC-7E0793C587A8}
	EndGlobalSection
EndGlobal
